// !$*UTF8*$!
{
	archiveVersion = 1;
	classes = {
	};
	objectVersion = 48;
	objects = {

/* Begin PBXBuildFile section */
		CDE5ED17205A604A00E10D79 /* AppDelegate.m in Sources */ = {isa = PBXBuildFile; fileRef = CDE5ED16205A604A00E10D79 /* AppDelegate.m */; };
		CDE5ED1D205A604A00E10D79 /* Main.storyboard in Resources */ = {isa = PBXBuildFile; fileRef = CDE5ED1B205A604A00E10D79 /* Main.storyboard */; };
		CDE5ED1F205A604A00E10D79 /* Assets.xcassets in Resources */ = {isa = PBXBuildFile; fileRef = CDE5ED1E205A604A00E10D79 /* Assets.xcassets */; };
		CDE5ED22205A604A00E10D79 /* LaunchScreen.storyboard in Resources */ = {isa = PBXBuildFile; fileRef = CDE5ED20205A604A00E10D79 /* LaunchScreen.storyboard */; };
		CDE5ED25205A604A00E10D79 /* main.m in Sources */ = {isa = PBXBuildFile; fileRef = CDE5ED24205A604A00E10D79 /* main.m */; };
		CDE5ED30205A60BB00E10D79 /* ViewController.m in Sources */ = {isa = PBXBuildFile; fileRef = CDE5ED2F205A60BB00E10D79 /* ViewController.m */; };
		CDE5ED33205A618400E10D79 /* DemoCell.m in Sources */ = {isa = PBXBuildFile; fileRef = CDE5ED32205A618400E10D79 /* DemoCell.m */; };
		CDE5ED57205A619900E10D79 /* Ghana.png in Resources */ = {isa = PBXBuildFile; fileRef = CDE5ED35205A619800E10D79 /* Ghana.png */; };
		CDE5ED58205A619900E10D79 /* Argentina.png in Resources */ = {isa = PBXBuildFile; fileRef = CDE5ED36205A619800E10D79 /* Argentina.png */; };
		CDE5ED59205A619900E10D79 /* SouthAfrica.png in Resources */ = {isa = PBXBuildFile; fileRef = CDE5ED37205A619800E10D79 /* SouthAfrica.png */; };
		CDE5ED5A205A619900E10D79 /* Holland.png in Resources */ = {isa = PBXBuildFile; fileRef = CDE5ED38205A619800E10D79 /* Holland.png */; };
		CDE5ED5B205A619900E10D79 /* Algeria.png in Resources */ = {isa = PBXBuildFile; fileRef = CDE5ED39205A619800E10D79 /* Algeria.png */; };
		CDE5ED5C205A619900E10D79 /* Honduras.png in Resources */ = {isa = PBXBuildFile; fileRef = CDE5ED3A205A619800E10D79 /* Honduras.png */; };
		CDE5ED5D205A619900E10D79 /* USA.png in Resources */ = {isa = PBXBuildFile; fileRef = CDE5ED3B205A619800E10D79 /* USA.png */; };
		CDE5ED5E205A619900E10D79 /* Australia.png in Resources */ = {isa = PBXBuildFile; fileRef = CDE5ED3C205A619800E10D79 /* Australia.png */; };
		CDE5ED5F205A619900E10D79 /* Cameroon.png in Resources */ = {isa = PBXBuildFile; fileRef = CDE5ED3D205A619800E10D79 /* Cameroon.png */; };
		CDE5ED60205A619900E10D79 /* England.png in Resources */ = {isa = PBXBuildFile; fileRef = CDE5ED3E205A619800E10D79 /* England.png */; };
		CDE5ED61205A619900E10D79 /* CoteDIvoire.png in Resources */ = {isa = PBXBuildFile; fileRef = CDE5ED3F205A619800E10D79 /* CoteDIvoire.png */; };
		CDE5ED62205A619900E10D79 /* Brazil.png in Resources */ = {isa = PBXBuildFile; fileRef = CDE5ED40205A619800E10D79 /* Brazil.png */; };
		CDE5ED63205A619900E10D79 /* Greece.png in Resources */ = {isa = PBXBuildFile; fileRef = CDE5ED41205A619800E10D79 /* Greece.png */; };
		CDE5ED64205A619900E10D79 /* team_dictionary.plist in Resources */ = {isa = PBXBuildFile; fileRef = CDE5ED42205A619800E10D79 /* team_dictionary.plist */; };
		CDE5ED65205A619900E10D79 /* NewZealand.png in Resources */ = {isa = PBXBuildFile; fileRef = CDE5ED43205A619800E10D79 /* NewZealand.png */; };
		CDE5ED66205A619900E10D79 /* Switzerland.png in Resources */ = {isa = PBXBuildFile; fileRef = CDE5ED44205A619800E10D79 /* Switzerland.png */; };
		CDE5ED67205A619900E10D79 /* SouthKorea.png in Resources */ = {isa = PBXBuildFile; fileRef = CDE5ED45205A619800E10D79 /* SouthKorea.png */; };
		CDE5ED68205A619900E10D79 /* Nigeria.png in Resources */ = {isa = PBXBuildFile; fileRef = CDE5ED46205A619800E10D79 /* Nigeria.png */; };
		CDE5ED69205A619900E10D79 /* Germany.png in Resources */ = {isa = PBXBuildFile; fileRef = CDE5ED47205A619800E10D79 /* Germany.png */; };
		CDE5ED6A205A619900E10D79 /* Portugal.png in Resources */ = {isa = PBXBuildFile; fileRef = CDE5ED48205A619800E10D79 /* Portugal.png */; };
		CDE5ED6B205A619900E10D79 /* Spain.png in Resources */ = {isa = PBXBuildFile; fileRef = CDE5ED49205A619800E10D79 /* Spain.png */; };
		CDE5ED6C205A619900E10D79 /* Paraguay.png in Resources */ = {isa = PBXBuildFile; fileRef = CDE5ED4A205A619800E10D79 /* Paraguay.png */; };
		CDE5ED6D205A619900E10D79 /* Serbia.png in Resources */ = {isa = PBXBuildFile; fileRef = CDE5ED4B205A619800E10D79 /* Serbia.png */; };
		CDE5ED6E205A619900E10D79 /* France.png in Resources */ = {isa = PBXBuildFile; fileRef = CDE5ED4C205A619800E10D79 /* France.png */; };
		CDE5ED6F205A619900E10D79 /* Italy.png in Resources */ = {isa = PBXBuildFile; fileRef = CDE5ED4D205A619800E10D79 /* Italy.png */; };
		CDE5ED70205A619900E10D79 /* team.plist in Resources */ = {isa = PBXBuildFile; fileRef = CDE5ED4E205A619800E10D79 /* team.plist */; };
		CDE5ED71205A619900E10D79 /* Denmark.png in Resources */ = {isa = PBXBuildFile; fileRef = CDE5ED4F205A619800E10D79 /* Denmark.png */; };
		CDE5ED72205A619900E10D79 /* Japan.png in Resources */ = {isa = PBXBuildFile; fileRef = CDE5ED50205A619800E10D79 /* Japan.png */; };
		CDE5ED73205A619900E10D79 /* Uruguay.png in Resources */ = {isa = PBXBuildFile; fileRef = CDE5ED51205A619800E10D79 /* Uruguay.png */; };
		CDE5ED74205A619900E10D79 /* NorthKorea.png in Resources */ = {isa = PBXBuildFile; fileRef = CDE5ED52205A619800E10D79 /* NorthKorea.png */; };
		CDE5ED75205A619900E10D79 /* Slovenia.png in Resources */ = {isa = PBXBuildFile; fileRef = CDE5ED53205A619800E10D79 /* Slovenia.png */; };
		CDE5ED76205A619900E10D79 /* Slovakia.png in Resources */ = {isa = PBXBuildFile; fileRef = CDE5ED54205A619800E10D79 /* Slovakia.png */; };
		CDE5ED77205A619900E10D79 /* Chile.png in Resources */ = {isa = PBXBuildFile; fileRef = CDE5ED55205A619800E10D79 /* Chile.png */; };
		CDE5ED78205A619900E10D79 /* Mexico.png in Resources */ = {isa = PBXBuildFile; fileRef = CDE5ED56205A619800E10D79 /* Mexico.png */; };
/* End PBXBuildFile section */

/* Begin PBXFileReference section */
		CDE5ED12205A604A00E10D79 /* tableViewDemo2.app */ = {isa = PBXFileReference; explicitFileType = wrapper.application; includeInIndex = 0; path = tableViewDemo2.app; sourceTree = BUILT_PRODUCTS_DIR; };
		CDE5ED15205A604A00E10D79 /* AppDelegate.h */ = {isa = PBXFileReference; lastKnownFileType = sourcecode.c.h; path = AppDelegate.h; sourceTree = "<group>"; };
		CDE5ED16205A604A00E10D79 /* AppDelegate.m */ = {isa = PBXFileReference; lastKnownFileType = sourcecode.c.objc; path = AppDelegate.m; sourceTree = "<group>"; };
		CDE5ED1C205A604A00E10D79 /* Base */ = {isa = PBXFileReference; lastKnownFileType = file.storyboard; name = Base; path = Base.lproj/Main.storyboard; sourceTree = "<group>"; };
		CDE5ED1E205A604A00E10D79 /* Assets.xcassets */ = {isa = PBXFileReference; lastKnownFileType = folder.assetcatalog; path = Assets.xcassets; sourceTree = "<group>"; };
		CDE5ED21205A604A00E10D79 /* Base */ = {isa = PBXFileReference; lastKnownFileType = file.storyboard; name = Base; path = Base.lproj/LaunchScreen.storyboard; sourceTree = "<group>"; };
		CDE5ED23205A604A00E10D79 /* Info.plist */ = {isa = PBXFileReference; lastKnownFileType = text.plist.xml; path = Info.plist; sourceTree = "<group>"; };
		CDE5ED24205A604A00E10D79 /* main.m */ = {isa = PBXFileReference; lastKnownFileType = sourcecode.c.objc; path = main.m; sourceTree = "<group>"; };
		CDE5ED2E205A60BB00E10D79 /* ViewController.h */ = {isa = PBXFileReference; lastKnownFileType = sourcecode.c.h; path = ViewController.h; sourceTree = "<group>"; };
		CDE5ED2F205A60BB00E10D79 /* ViewController.m */ = {isa = PBXFileReference; lastKnownFileType = sourcecode.c.objc; path = ViewController.m; sourceTree = "<group>"; };
		CDE5ED31205A618400E10D79 /* DemoCell.h */ = {isa = PBXFileReference; lastKnownFileType = sourcecode.c.h; path = DemoCell.h; sourceTree = "<group>"; };
		CDE5ED32205A618400E10D79 /* DemoCell.m */ = {isa = PBXFileReference; lastKnownFileType = sourcecode.c.objc; path = DemoCell.m; sourceTree = "<group>"; };
		CDE5ED35205A619800E10D79 /* Ghana.png */ = {isa = PBXFileReference; lastKnownFileType = image.png; path = Ghana.png; sourceTree = "<group>"; };
		CDE5ED36205A619800E10D79 /* Argentina.png */ = {isa = PBXFileReference; lastKnownFileType = image.png; path = Argentina.png; sourceTree = "<group>"; };
		CDE5ED37205A619800E10D79 /* SouthAfrica.png */ = {isa = PBXFileReference; lastKnownFileType = image.png; path = SouthAfrica.png; sourceTree = "<group>"; };
		CDE5ED38205A619800E10D79 /* Holland.png */ = {isa = PBXFileReference; lastKnownFileType = image.png; path = Holland.png; sourceTree = "<group>"; };
		CDE5ED39205A619800E10D79 /* Algeria.png */ = {isa = PBXFileReference; lastKnownFileType = image.png; path = Algeria.png; sourceTree = "<group>"; };
		CDE5ED3A205A619800E10D79 /* Honduras.png */ = {isa = PBXFileReference; lastKnownFileType = image.png; path = Honduras.png; sourceTree = "<group>"; };
		CDE5ED3B205A619800E10D79 /* USA.png */ = {isa = PBXFileReference; lastKnownFileType = image.png; path = USA.png; sourceTree = "<group>"; };
		CDE5ED3C205A619800E10D79 /* Australia.png */ = {isa = PBXFileReference; lastKnownFileType = image.png; path = Australia.png; sourceTree = "<group>"; };
		CDE5ED3D205A619800E10D79 /* Cameroon.png */ = {isa = PBXFileReference; lastKnownFileType = image.png; path = Cameroon.png; sourceTree = "<group>"; };
		CDE5ED3E205A619800E10D79 /* England.png */ = {isa = PBXFileReference; lastKnownFileType = image.png; path = England.png; sourceTree = "<group>"; };
		CDE5ED3F205A619800E10D79 /* CoteDIvoire.png */ = {isa = PBXFileReference; lastKnownFileType = image.png; path = CoteDIvoire.png; sourceTree = "<group>"; };
		CDE5ED40205A619800E10D79 /* Brazil.png */ = {isa = PBXFileReference; lastKnownFileType = image.png; path = Brazil.png; sourceTree = "<group>"; };
		CDE5ED41205A619800E10D79 /* Greece.png */ = {isa = PBXFileReference; lastKnownFileType = image.png; path = Greece.png; sourceTree = "<group>"; };
		CDE5ED42205A619800E10D79 /* team_dictionary.plist */ = {isa = PBXFileReference; fileEncoding = 4; lastKnownFileType = text.plist.xml; path = team_dictionary.plist; sourceTree = "<group>"; };
		CDE5ED43205A619800E10D79 /* NewZealand.png */ = {isa = PBXFileReference; lastKnownFileType = image.png; path = NewZealand.png; sourceTree = "<group>"; };
		CDE5ED44205A619800E10D79 /* Switzerland.png */ = {isa = PBXFileReference; lastKnownFileType = image.png; path = Switzerland.png; sourceTree = "<group>"; };
		CDE5ED45205A619800E10D79 /* SouthKorea.png */ = {isa = PBXFileReference; lastKnownFileType = image.png; path = SouthKorea.png; sourceTree = "<group>"; };
		CDE5ED46205A619800E10D79 /* Nigeria.png */ = {isa = PBXFileReference; lastKnownFileType = image.png; path = Nigeria.png; sourceTree = "<group>"; };
		CDE5ED47205A619800E10D79 /* Germany.png */ = {isa = PBXFileReference; lastKnownFileType = image.png; path = Germany.png; sourceTree = "<group>"; };
		CDE5ED48205A619800E10D79 /* Portugal.png */ = {isa = PBXFileReference; lastKnownFileType = image.png; path = Portugal.png; sourceTree = "<group>"; };
		CDE5ED49205A619800E10D79 /* Spain.png */ = {isa = PBXFileReference; lastKnownFileType = image.png; path = Spain.png; sourceTree = "<group>"; };
		CDE5ED4A205A619800E10D79 /* Paraguay.png */ = {isa = PBXFileReference; lastKnownFileType = image.png; path = Paraguay.png; sourceTree = "<group>"; };
		CDE5ED4B205A619800E10D79 /* Serbia.png */ = {isa = PBXFileReference; lastKnownFileType = image.png; path = Serbia.png; sourceTree = "<group>"; };
		CDE5ED4C205A619800E10D79 /* France.png */ = {isa = PBXFileReference; lastKnownFileType = image.png; path = France.png; sourceTree = "<group>"; };
		CDE5ED4D205A619800E10D79 /* Italy.png */ = {isa = PBXFileReference; lastKnownFileType = image.png; path = Italy.png; sourceTree = "<group>"; };
		CDE5ED4E205A619800E10D79 /* team.plist */ = {isa = PBXFileReference; fileEncoding = 4; lastKnownFileType = text.plist.xml; path = team.plist; sourceTree = "<group>"; };
		CDE5ED4F205A619800E10D79 /* Denmark.png */ = {isa = PBXFileReference; lastKnownFileType = image.png; path = Denmark.png; sourceTree = "<group>"; };
		CDE5ED50205A619800E10D79 /* Japan.png */ = {isa = PBXFileReference; lastKnownFileType = image.png; path = Japan.png; sourceTree = "<group>"; };
		CDE5ED51205A619800E10D79 /* Uruguay.png */ = {isa = PBXFileReference; lastKnownFileType = image.png; path = Uruguay.png; sourceTree = "<group>"; };
		CDE5ED52205A619800E10D79 /* NorthKorea.png */ = {isa = PBXFileReference; lastKnownFileType = image.png; path = NorthKorea.png; sourceTree = "<group>"; };
		CDE5ED53205A619800E10D79 /* Slovenia.png */ = {isa = PBXFileReference; lastKnownFileType = image.png; path = Slovenia.png; sourceTree = "<group>"; };
		CDE5ED54205A619800E10D79 /* Slovakia.png */ = {isa = PBXFileReference; lastKnownFileType = image.png; path = Slovakia.png; sourceTree = "<group>"; };
		CDE5ED55205A619800E10D79 /* Chile.png */ = {isa = PBXFileReference; lastKnownFileType = image.png; path = Chile.png; sourceTree = "<group>"; };
		CDE5ED56205A619800E10D79 /* Mexico.png */ = {isa = PBXFileReference; lastKnownFileType = image.png; path = Mexico.png; sourceTree = "<group>"; };
/* End PBXFileReference section */

/* Begin PBXFrameworksBuildPhase section */
		CDE5ED0F205A604A00E10D79 /* Frameworks */ = {
			isa = PBXFrameworksBuildPhase;
			buildActionMask = 2147483647;
			files = (
			);
			runOnlyForDeploymentPostprocessing = 0;
		};
/* End PBXFrameworksBuildPhase section */

/* Begin PBXGroup section */
		CDE5ED09205A604A00E10D79 = {
			isa = PBXGroup;
			children = (
				CDE5ED14205A604A00E10D79 /* tableViewDemo2 */,
				CDE5ED13205A604A00E10D79 /* Products */,
			);
			sourceTree = "<group>";
		};
		CDE5ED13205A604A00E10D79 /* Products */ = {
			isa = PBXGroup;
			children = (
				CDE5ED12205A604A00E10D79 /* tableViewDemo2.app */,
			);
			name = Products;
			sourceTree = "<group>";
		};
		CDE5ED14205A604A00E10D79 /* tableViewDemo2 */ = {
			isa = PBXGroup;
			children = (
				CDE5ED15205A604A00E10D79 /* AppDelegate.h */,
				CDE5ED16205A604A00E10D79 /* AppDelegate.m */,
				CDE5ED2E205A60BB00E10D79 /* ViewController.h */,
				CDE5ED2F205A60BB00E10D79 /* ViewController.m */,
				CDE5ED31205A618400E10D79 /* DemoCell.h */,
				CDE5ED32205A618400E10D79 /* DemoCell.m */,
				CDE5ED34205A619800E10D79 /* 球队图片 */,
				CDE5ED1B205A604A00E10D79 /* Main.storyboard */,
				CDE5ED1E205A604A00E10D79 /* Assets.xcassets */,
				CDE5ED20205A604A00E10D79 /* LaunchScreen.storyboard */,
				CDE5ED23205A604A00E10D79 /* Info.plist */,
				CDE5ED24205A604A00E10D79 /* main.m */,
			);
			path = tableViewDemo2;
			sourceTree = "<group>";
		};
		CDE5ED34205A619800E10D79 /* 球队图片 */ = {
			isa = PBXGroup;
			children = (
				CDE5ED35205A619800E10D79 /* Ghana.png */,
				CDE5ED36205A619800E10D79 /* Argentina.png */,
				CDE5ED37205A619800E10D79 /* SouthAfrica.png */,
				CDE5ED38205A619800E10D79 /* Holland.png */,
				CDE5ED39205A619800E10D79 /* Algeria.png */,
				CDE5ED3A205A619800E10D79 /* Honduras.png */,
				CDE5ED3B205A619800E10D79 /* USA.png */,
				CDE5ED3C205A619800E10D79 /* Australia.png */,
				CDE5ED3D205A619800E10D79 /* Cameroon.png */,
				CDE5ED3E205A619800E10D79 /* England.png */,
				CDE5ED3F205A619800E10D79 /* CoteDIvoire.png */,
				CDE5ED40205A619800E10D79 /* Brazil.png */,
				CDE5ED41205A619800E10D79 /* Greece.png */,
				CDE5ED42205A619800E10D79 /* team_dictionary.plist */,
				CDE5ED43205A619800E10D79 /* NewZealand.png */,
				CDE5ED44205A619800E10D79 /* Switzerland.png */,
				CDE5ED45205A619800E10D79 /* SouthKorea.png */,
				CDE5ED46205A619800E10D79 /* Nigeria.png */,
				CDE5ED47205A619800E10D79 /* Germany.png */,
				CDE5ED48205A619800E10D79 /* Portugal.png */,
				CDE5ED49205A619800E10D79 /* Spain.png */,
				CDE5ED4A205A619800E10D79 /* Paraguay.png */,
				CDE5ED4B205A619800E10D79 /* Serbia.png */,
				CDE5ED4C205A619800E10D79 /* France.png */,
				CDE5ED4D205A619800E10D79 /* Italy.png */,
				CDE5ED4E205A619800E10D79 /* team.plist */,
				CDE5ED4F205A619800E10D79 /* Denmark.png */,
				CDE5ED50205A619800E10D79 /* Japan.png */,
				CDE5ED51205A619800E10D79 /* Uruguay.png */,
				CDE5ED52205A619800E10D79 /* NorthKorea.png */,
				CDE5ED53205A619800E10D79 /* Slovenia.png */,
				CDE5ED54205A619800E10D79 /* Slovakia.png */,
				CDE5ED55205A619800E10D79 /* Chile.png */,
				CDE5ED56205A619800E10D79 /* Mexico.png */,
			);
			path = "球队图片";
			sourceTree = "<group>";
		};
/* End PBXGroup section */

/* Begin PBXNativeTarget section */
		CDE5ED11205A604A00E10D79 /* tableViewDemo2 */ = {
			isa = PBXNativeTarget;
			buildConfigurationList = CDE5ED28205A604A00E10D79 /* Build configuration list for PBXNativeTarget "tableViewDemo2" */;
			buildPhases = (
				CDE5ED0E205A604A00E10D79 /* Sources */,
				CDE5ED0F205A604A00E10D79 /* Frameworks */,
				CDE5ED10205A604A00E10D79 /* Resources */,
			);
			buildRules = (
			);
			dependencies = (
			);
			name = tableViewDemo2;
			productName = tableViewDemo2;
			productReference = CDE5ED12205A604A00E10D79 /* tableViewDemo2.app */;
			productType = "com.apple.product-type.application";
		};
/* End PBXNativeTarget section */

/* Begin PBXProject section */
		CDE5ED0A205A604A00E10D79 /* Project object */ = {
			isa = PBXProject;
			attributes = {
				LastUpgradeCheck = 0910;
				ORGANIZATIONNAME = PatrickY;
				TargetAttributes = {
					CDE5ED11205A604A00E10D79 = {
						CreatedOnToolsVersion = 9.1;
						ProvisioningStyle = Automatic;
					};
				};
			};
			buildConfigurationList = CDE5ED0D205A604A00E10D79 /* Build configuration list for PBXProject "tableViewDemo2" */;
			compatibilityVersion = "Xcode 8.0";
			developmentRegion = en;
			hasScannedForEncodings = 0;
			knownRegions = (
				en,
				Base,
			);
			mainGroup = CDE5ED09205A604A00E10D79;
			productRefGroup = CDE5ED13205A604A00E10D79 /* Products */;
			projectDirPath = "";
			projectRoot = "";
			targets = (
				CDE5ED11205A604A00E10D79 /* tableViewDemo2 */,
			);
		};
/* End PBXProject section */

/* Begin PBXResourcesBuildPhase section */
		CDE5ED10205A604A00E10D79 /* Resources */ = {
			isa = PBXResourcesBuildPhase;
			buildActionMask = 2147483647;
			files = (
				CDE5ED62205A619900E10D79 /* Brazil.png in Resources */,
				CDE5ED22205A604A00E10D79 /* LaunchScreen.storyboard in Resources */,
				CDE5ED67205A619900E10D79 /* SouthKorea.png in Resources */,
				CDE5ED6A205A619900E10D79 /* Portugal.png in Resources */,
				CDE5ED70205A619900E10D79 /* team.plist in Resources */,
				CDE5ED64205A619900E10D79 /* team_dictionary.plist in Resources */,
				CDE5ED58205A619900E10D79 /* Argentina.png in Resources */,
				CDE5ED1F205A604A00E10D79 /* Assets.xcassets in Resources */,
				CDE5ED61205A619900E10D79 /* CoteDIvoire.png in Resources */,
				CDE5ED68205A619900E10D79 /* Nigeria.png in Resources */,
				CDE5ED5F205A619900E10D79 /* Cameroon.png in Resources */,
				CDE5ED60205A619900E10D79 /* England.png in Resources */,
				CDE5ED74205A619900E10D79 /* NorthKorea.png in Resources */,
				CDE5ED5B205A619900E10D79 /* Algeria.png in Resources */,
				CDE5ED63205A619900E10D79 /* Greece.png in Resources */,
				CDE5ED59205A619900E10D79 /* SouthAfrica.png in Resources */,
				CDE5ED5D205A619900E10D79 /* USA.png in Resources */,
				CDE5ED73205A619900E10D79 /* Uruguay.png in Resources */,
				CDE5ED6F205A619900E10D79 /* Italy.png in Resources */,
				CDE5ED65205A619900E10D79 /* NewZealand.png in Resources */,
				CDE5ED76205A619900E10D79 /* Slovakia.png in Resources */,
				CDE5ED5E205A619900E10D79 /* Australia.png in Resources */,
				CDE5ED6D205A619900E10D79 /* Serbia.png in Resources */,
				CDE5ED5A205A619900E10D79 /* Holland.png in Resources */,
				CDE5ED6E205A619900E10D79 /* France.png in Resources */,
				CDE5ED77205A619900E10D79 /* Chile.png in Resources */,
				CDE5ED1D205A604A00E10D79 /* Main.storyboard in Resources */,
				CDE5ED5C205A619900E10D79 /* Honduras.png in Resources */,
				CDE5ED71205A619900E10D79 /* Denmark.png in Resources */,
				CDE5ED69205A619900E10D79 /* Germany.png in Resources */,
				CDE5ED78205A619900E10D79 /* Mexico.png in Resources */,
				CDE5ED57205A619900E10D79 /* Ghana.png in Resources */,
				CDE5ED66205A619900E10D79 /* Switzerland.png in Resources */,
				CDE5ED6B205A619900E10D79 /* Spain.png in Resources */,
				CDE5ED72205A619900E10D79 /* Japan.png in Resources */,
				CDE5ED75205A619900E10D79 /* Slovenia.png in Resources */,
				CDE5ED6C205A619900E10D79 /* Paraguay.png in Resources */,
			);
			runOnlyForDeploymentPostprocessing = 0;
		};
/* End PBXResourcesBuildPhase section */

/* Begin PBXSourcesBuildPhase section */
		CDE5ED0E205A604A00E10D79 /* Sources */ = {
			isa = PBXSourcesBuildPhase;
			buildActionMask = 2147483647;
			files = (
				CDE5ED30205A60BB00E10D79 /* ViewController.m in Sources */,
				CDE5ED25205A604A00E10D79 /* main.m in Sources */,
				CDE5ED33205A618400E10D79 /* DemoCell.m in Sources */,
				CDE5ED17205A604A00E10D79 /* AppDelegate.m in Sources */,
			);
			runOnlyForDeploymentPostprocessing = 0;
		};
/* End PBXSourcesBuildPhase section */

/* Begin PBXVariantGroup section */
		CDE5ED1B205A604A00E10D79 /* Main.storyboard */ = {
			isa = PBXVariantGroup;
			children = (
				CDE5ED1C205A604A00E10D79 /* Base */,
			);
			name = Main.storyboard;
			sourceTree = "<group>";
		};
		CDE5ED20205A604A00E10D79 /* LaunchScreen.storyboard */ = {
			isa = PBXVariantGroup;
			children = (
				CDE5ED21205A604A00E10D79 /* Base */,
			);
			name = LaunchScreen.storyboard;
			sourceTree = "<group>";
		};
/* End PBXVariantGroup section */

/* Begin XCBuildConfiguration section */
		CDE5ED26205A604A00E10D79 /* Debug */ = {
			isa = XCBuildConfiguration;
			buildSettings = {
				ALWAYS_SEARCH_USER_PATHS = NO;
				CLANG_ANALYZER_NONNULL = YES;
				CLANG_ANALYZER_NUMBER_OBJECT_CONVERSION = YES_AGGRESSIVE;
				CLANG_CXX_LANGUAGE_STANDARD = "gnu++14";
				CLANG_CXX_LIBRARY = "libc++";
				CLANG_ENABLE_MODULES = YES;
				CLANG_ENABLE_OBJC_ARC = YES;
				CLANG_WARN_BLOCK_CAPTURE_AUTORELEASING = YES;
				CLANG_WARN_BOOL_CONVERSION = YES;
				CLANG_WARN_COMMA = YES;
				CLANG_WARN_CONSTANT_CONVERSION = YES;
				CLANG_WARN_DIRECT_OBJC_ISA_USAGE = YES_ERROR;
				CLANG_WARN_DOCUMENTATION_COMMENTS = YES;
				CLANG_WARN_EMPTY_BODY = YES;
				CLANG_WARN_ENUM_CONVERSION = YES;
				CLANG_WARN_INFINITE_RECURSION = YES;
				CLANG_WARN_INT_CONVERSION = YES;
				CLANG_WARN_NON_LITERAL_NULL_CONVERSION = YES;
				CLANG_WARN_OBJC_LITERAL_CONVERSION = YES;
				CLANG_WARN_OBJC_ROOT_CLASS = YES_ERROR;
				CLANG_WARN_RANGE_LOOP_ANALYSIS = YES;
				CLANG_WARN_STRICT_PROTOTYPES = YES;
				CLANG_WARN_SUSPICIOUS_MOVE = YES;
				CLANG_WARN_UNGUARDED_AVAILABILITY = YES_AGGRESSIVE;
				CLANG_WARN_UNREACHABLE_CODE = YES;
				CLANG_WARN__DUPLICATE_METHOD_MATCH = YES;
				CODE_SIGN_IDENTITY = "iPhone Developer";
				COPY_PHASE_STRIP = NO;
				DEBUG_INFORMATION_FORMAT = dwarf;
				ENABLE_STRICT_OBJC_MSGSEND = YES;
				ENABLE_TESTABILITY = YES;
				GCC_C_LANGUAGE_STANDARD = gnu11;
				GCC_DYNAMIC_NO_PIC = NO;
				GCC_NO_COMMON_BLOCKS = YES;
				GCC_OPTIMIZATION_LEVEL = 0;
				GCC_PREPROCESSOR_DEFINITIONS = (
					"DEBUG=1",
					"$(inherited)",
				);
				GCC_WARN_64_TO_32_BIT_CONVERSION = YES;
				GCC_WARN_ABOUT_RETURN_TYPE = YES_ERROR;
				GCC_WARN_UNDECLARED_SELECTOR = YES;
				GCC_WARN_UNINITIALIZED_AUTOS = YES_AGGRESSIVE;
				GCC_WARN_UNUSED_FUNCTION = YES;
				GCC_WARN_UNUSED_VARIABLE = YES;
				IPHONEOS_DEPLOYMENT_TARGET = 11.1;
				MTL_ENABLE_DEBUG_INFO = YES;
				ONLY_ACTIVE_ARCH = YES;
				SDKROOT = iphoneos;
			};
			name = Debug;
		};
		CDE5ED27205A604A00E10D79 /* Release */ = {
			isa = XCBuildConfiguration;
			buildSettings = {
				ALWAYS_SEARCH_USER_PATHS = NO;
				CLANG_ANALYZER_NONNULL = YES;
				CLANG_ANALYZER_NUMBER_OBJECT_CONVERSION = YES_AGGRESSIVE;
				CLANG_CXX_LANGUAGE_STANDARD = "gnu++14";
				CLANG_CXX_LIBRARY = "libc++";
				CLANG_ENABLE_MODULES = YES;
				CLANG_ENABLE_OBJC_ARC = YES;
				CLANG_WARN_BLOCK_CAPTURE_AUTORELEASING = YES;
				CLANG_WARN_BOOL_CONVERSION = YES;
				CLANG_WARN_COMMA = YES;
				CLANG_WARN_CONSTANT_CONVERSION = YES;
				CLANG_WARN_DIRECT_OBJC_ISA_USAGE = YES_ERROR;
				CLANG_WARN_DOCUMENTATION_COMMENTS = YES;
				CLANG_WARN_EMPTY_BODY = YES;
				CLANG_WARN_ENUM_CONVERSION = YES;
				CLANG_WARN_INFINITE_RECURSION = YES;
				CLANG_WARN_INT_CONVERSION = YES;
				CLANG_WARN_NON_LITERAL_NULL_CONVERSION = YES;
				CLANG_WARN_OBJC_LITERAL_CONVERSION = YES;
				CLANG_WARN_OBJC_ROOT_CLASS = YES_ERROR;
				CLANG_WARN_RANGE_LOOP_ANALYSIS = YES;
				CLANG_WARN_STRICT_PROTOTYPES = YES;
				CLANG_WARN_SUSPICIOUS_MOVE = YES;
				CLANG_WARN_UNGUARDED_AVAILABILITY = YES_AGGRESSIVE;
				CLANG_WARN_UNREACHABLE_CODE = YES;
				CLANG_WARN__DUPLICATE_METHOD_MATCH = YES;
				CODE_SIGN_IDENTITY = "iPhone Developer";
				COPY_PHASE_STRIP = NO;
				DEBUG_INFORMATION_FORMAT = "dwarf-with-dsym";
				ENABLE_NS_ASSERTIONS = NO;
				ENABLE_STRICT_OBJC_MSGSEND = YES;
				GCC_C_LANGUAGE_STANDARD = gnu11;
				GCC_NO_COMMON_BLOCKS = YES;
				GCC_WARN_64_TO_32_BIT_CONVERSION = YES;
				GCC_WARN_ABOUT_RETURN_TYPE = YES_ERROR;
				GCC_WARN_UNDECLARED_SELECTOR = YES;
				GCC_WARN_UNINITIALIZED_AUTOS = YES_AGGRESSIVE;
				GCC_WARN_UNUSED_FUNCTION = YES;
				GCC_WARN_UNUSED_VARIABLE = YES;
				IPHONEOS_DEPLOYMENT_TARGET = 11.1;
				MTL_ENABLE_DEBUG_INFO = NO;
				SDKROOT = iphoneos;
				VALIDATE_PRODUCT = YES;
			};
			name = Release;
		};
		CDE5ED29205A604A00E10D79 /* Debug */ = {
			isa = XCBuildConfiguration;
			buildSettings = {
				ASSETCATALOG_COMPILER_APPICON_NAME = AppIcon;
				CODE_SIGN_STYLE = Automatic;
				DEVELOPMENT_TEAM = 5C23J56UD3;
				INFOPLIST_FILE = tableViewDemo2/Info.plist;
				LD_RUNPATH_SEARCH_PATHS = "$(inherited) @executable_path/Frameworks";
				PRODUCT_BUNDLE_IDENTIFIER = com.py.tableViewDemo2;
				PRODUCT_NAME = "$(TARGET_NAME)";
				TARGETED_DEVICE_FAMILY = "1,2";
			};
			name = Debug;
		};
		CDE5ED2A205A604A00E10D79 /* Release */ = {
			isa = XCBuildConfiguration;
			buildSettings = {
				ASSETCATALOG_COMPILER_APPICON_NAME = AppIcon;
				CODE_SIGN_STYLE = Automatic;
				DEVELOPMENT_TEAM = 5C23J56UD3;
				INFOPLIST_FILE = tableViewDemo2/Info.plist;
				LD_RUNPATH_SEARCH_PATHS = "$(inherited) @executable_path/Frameworks";
				PRODUCT_BUNDLE_IDENTIFIER = com.py.tableViewDemo2;
				PRODUCT_NAME = "$(TARGET_NAME)";
				TARGETED_DEVICE_FAMILY = "1,2";
			};
			name = Release;
		};
/* End XCBuildConfiguration section */

/* Begin XCConfigurationList section */
		CDE5ED0D205A604A00E10D79 /* Build configuration list for PBXProject "tableViewDemo2" */ = {
			isa = XCConfigurationList;
			buildConfigurations = (
				CDE5ED26205A604A00E10D79 /* Debug */,
				CDE5ED27205A604A00E10D79 /* Release */,
			);
			defaultConfigurationIsVisible = 0;
			defaultConfigurationName = Release;
		};
		CDE5ED28205A604A00E10D79 /* Build configuration list for PBXNativeTarget "tableViewDemo2" */ = {
			isa = XCConfigurationList;
			buildConfigurations = (
				CDE5ED29205A604A00E10D79 /* Debug */,
				CDE5ED2A205A604A00E10D79 /* Release */,
			);
			defaultConfigurationIsVisible = 0;
			defaultConfigurationName = Release;
		};
/* End XCConfigurationList section */
	};
	rootObject = CDE5ED0A205A604A00E10D79 /* Project object */;
}
